// !$*UTF8*$!
{
	archiveVersion = 1;
	classes = {
	};
	objectVersion = 46;
	objects = {

/* Begin PBXBuildFile section */
		3A5E9A8D1F95EAA1007F6606 /* newSlidesOutViewController.swift in Sources */ = {isa = PBXBuildFile; fileRef = 3A5E9A8C1F95EAA1007F6606 /* newSlidesOutViewController.swift */; };
		3A6A209F1F6ABCCF0083592E /* AppDelegate.swift in Sources */ = {isa = PBXBuildFile; fileRef = 3A6A209E1F6ABCCF0083592E /* AppDelegate.swift */; };
		3A6A20A11F6ABCCF0083592E /* ViewController.swift in Sources */ = {isa = PBXBuildFile; fileRef = 3A6A20A01F6ABCCF0083592E /* ViewController.swift */; };
		3A6A20A41F6ABCCF0083592E /* Main.storyboard in Resources */ = {isa = PBXBuildFile; fileRef = 3A6A20A21F6ABCCF0083592E /* Main.storyboard */; };
		3A6A20A61F6ABCCF0083592E /* Assets.xcassets in Resources */ = {isa = PBXBuildFile; fileRef = 3A6A20A51F6ABCCF0083592E /* Assets.xcassets */; };
		3A6A20A91F6ABCCF0083592E /* LaunchScreen.storyboard in Resources */ = {isa = PBXBuildFile; fileRef = 3A6A20A71F6ABCCF0083592E /* LaunchScreen.storyboard */; };
		3A7A1BA81F97B1BE00BB6570 /* MenuTableViewController.swift in Sources */ = {isa = PBXBuildFile; fileRef = 3A7A1BA71F97B1BE00BB6570 /* MenuTableViewController.swift */; };
		3A7A1BAA1F97B1F500BB6570 /* cellDataTableViewCell.swift in Sources */ = {isa = PBXBuildFile; fileRef = 3A7A1BA91F97B1F500BB6570 /* cellDataTableViewCell.swift */; };
		3AA0DF051F71743B00183D92 /* LoginViewController.swift in Sources */ = {isa = PBXBuildFile; fileRef = 3AA0DF041F71743B00183D92 /* LoginViewController.swift */; };
		3AC7446E1F95E09A00971417 /* SWRevealViewController.m in Sources */ = {isa = PBXBuildFile; fileRef = 3AC7446D1F95E09A00971417 /* SWRevealViewController.m */; };
		3AEDE52C1F951E98000069F0 /* HomeViewController.swift in Sources */ = {isa = PBXBuildFile; fileRef = 3AEDE52B1F951E98000069F0 /* HomeViewController.swift */; };
		3AEDE52E1F95202A000069F0 /* newProductCollectionViewCell.swift in Sources */ = {isa = PBXBuildFile; fileRef = 3AEDE52D1F95202A000069F0 /* newProductCollectionViewCell.swift */; };
		3AF072E91F9C6A190092B7B3 /* TestCollectionViewCell.swift in Sources */ = {isa = PBXBuildFile; fileRef = 3AF072E81F9C6A190092B7B3 /* TestCollectionViewCell.swift */; };
		3AF072ED1F9C71280092B7B3 /* TestViewController.swift in Sources */ = {isa = PBXBuildFile; fileRef = 3AF072EC1F9C71280092B7B3 /* TestViewController.swift */; };
		44E194E648FC422DDB0AC2F4 /* Pods_OnlineApp.framework in Frameworks */ = {isa = PBXBuildFile; fileRef = 802473208A152995C2A1101C /* Pods_OnlineApp.framework */; };
/* End PBXBuildFile section */

/* Begin PBXFileReference section */
		2E3D87B054ECC0F2D03D3D1D /* Pods-OnlineApp.release.xcconfig */ = {isa = PBXFileReference; includeInIndex = 1; lastKnownFileType = text.xcconfig; name = "Pods-OnlineApp.release.xcconfig"; path = "Pods/Target Support Files/Pods-OnlineApp/Pods-OnlineApp.release.xcconfig"; sourceTree = "<group>"; };
		3A5E9A8C1F95EAA1007F6606 /* newSlidesOutViewController.swift */ = {isa = PBXFileReference; fileEncoding = 4; lastKnownFileType = sourcecode.swift; path = newSlidesOutViewController.swift; sourceTree = "<group>"; };
		3A6A209B1F6ABCCF0083592E /* OnlineApp.app */ = {isa = PBXFileReference; explicitFileType = wrapper.application; includeInIndex = 0; path = OnlineApp.app; sourceTree = BUILT_PRODUCTS_DIR; };
		3A6A209E1F6ABCCF0083592E /* AppDelegate.swift */ = {isa = PBXFileReference; lastKnownFileType = sourcecode.swift; path = AppDelegate.swift; sourceTree = "<group>"; };
		3A6A20A01F6ABCCF0083592E /* ViewController.swift */ = {isa = PBXFileReference; lastKnownFileType = sourcecode.swift; path = ViewController.swift; sourceTree = "<group>"; };
		3A6A20A31F6ABCCF0083592E /* Base */ = {isa = PBXFileReference; lastKnownFileType = file.storyboard; name = Base; path = Base.lproj/Main.storyboard; sourceTree = "<group>"; };
		3A6A20A51F6ABCCF0083592E /* Assets.xcassets */ = {isa = PBXFileReference; lastKnownFileType = folder.assetcatalog; path = Assets.xcassets; sourceTree = "<group>"; };
		3A6A20A81F6ABCCF0083592E /* Base */ = {isa = PBXFileReference; lastKnownFileType = file.storyboard; name = Base; path = Base.lproj/LaunchScreen.storyboard; sourceTree = "<group>"; };
		3A6A20AA1F6ABCCF0083592E /* Info.plist */ = {isa = PBXFileReference; lastKnownFileType = text.plist.xml; path = Info.plist; sourceTree = "<group>"; };
		3A6B7E821F98AB030064E802 /* 2.jpg */ = {isa = PBXFileReference; lastKnownFileType = image.jpeg; path = 2.jpg; sourceTree = "<group>"; };
		3A6B7E831F98AB030064E802 /* 5.jpg */ = {isa = PBXFileReference; lastKnownFileType = image.jpeg; path = 5.jpg; sourceTree = "<group>"; };
		3A6B7E841F98AB030064E802 /* 1.jpg */ = {isa = PBXFileReference; lastKnownFileType = image.jpeg; path = 1.jpg; sourceTree = "<group>"; };
		3A6B7E851F98AB040064E802 /* 8.jpg */ = {isa = PBXFileReference; lastKnownFileType = image.jpeg; path = 8.jpg; sourceTree = "<group>"; };
		3A6B7E861F98AB040064E802 /* 6.jpg */ = {isa = PBXFileReference; lastKnownFileType = image.jpeg; path = 6.jpg; sourceTree = "<group>"; };
		3A6B7E871F98AB040064E802 /* 7.jpg */ = {isa = PBXFileReference; lastKnownFileType = image.jpeg; path = 7.jpg; sourceTree = "<group>"; };
		3A6B7E881F98AB050064E802 /* 3.jpg */ = {isa = PBXFileReference; lastKnownFileType = image.jpeg; path = 3.jpg; sourceTree = "<group>"; };
		3A6B7E891F98AB050064E802 /* 4.jpg */ = {isa = PBXFileReference; lastKnownFileType = image.jpeg; path = 4.jpg; sourceTree = "<group>"; };
		3A7A1BA71F97B1BE00BB6570 /* MenuTableViewController.swift */ = {isa = PBXFileReference; lastKnownFileType = sourcecode.swift; path = MenuTableViewController.swift; sourceTree = "<group>"; };
		3A7A1BA91F97B1F500BB6570 /* cellDataTableViewCell.swift */ = {isa = PBXFileReference; lastKnownFileType = sourcecode.swift; path = cellDataTableViewCell.swift; sourceTree = "<group>"; };
		3A7A1BAB1F97B73000BB6570 /* home.png */ = {isa = PBXFileReference; lastKnownFileType = image.png; path = home.png; sourceTree = "<group>"; };
		3A7A1BAC1F97B75500BB6570 /* message.png */ = {isa = PBXFileReference; lastKnownFileType = image.png; path = message.png; sourceTree = "<group>"; };
		3A7A1BAD1F97B77300BB6570 /* policy.png */ = {isa = PBXFileReference; lastKnownFileType = image.png; path = policy.png; sourceTree = "<group>"; };
		3A7A1BAE1F97B78800BB6570 /* setting.png */ = {isa = PBXFileReference; lastKnownFileType = image.png; path = setting.png; sourceTree = "<group>"; };
		3A7A1BAF1F97B89000BB6570 /* location.png */ = {isa = PBXFileReference; lastKnownFileType = image.png; path = location.png; sourceTree = "<group>"; };
		3AA0DF041F71743B00183D92 /* LoginViewController.swift */ = {isa = PBXFileReference; fileEncoding = 4; lastKnownFileType = sourcecode.swift; path = LoginViewController.swift; sourceTree = "<group>"; };
		3AC7446B1F95E09900971417 /* OnlineApp-Bridging-Header.h */ = {isa = PBXFileReference; lastKnownFileType = sourcecode.c.h; path = "OnlineApp-Bridging-Header.h"; sourceTree = "<group>"; };
		3AC7446C1F95E09A00971417 /* SWRevealViewController.h */ = {isa = PBXFileReference; lastKnownFileType = sourcecode.c.h; path = SWRevealViewController.h; sourceTree = "<group>"; };
		3AC7446D1F95E09A00971417 /* SWRevealViewController.m */ = {isa = PBXFileReference; lastKnownFileType = sourcecode.c.objc; path = SWRevealViewController.m; sourceTree = "<group>"; };
		3AEDE52B1F951E98000069F0 /* HomeViewController.swift */ = {isa = PBXFileReference; lastKnownFileType = sourcecode.swift; path = HomeViewController.swift; sourceTree = "<group>"; };
		3AEDE52D1F95202A000069F0 /* newProductCollectionViewCell.swift */ = {isa = PBXFileReference; fileEncoding = 4; lastKnownFileType = sourcecode.swift; path = newProductCollectionViewCell.swift; sourceTree = "<group>"; };
		3AF072E81F9C6A190092B7B3 /* TestCollectionViewCell.swift */ = {isa = PBXFileReference; lastKnownFileType = sourcecode.swift; path = TestCollectionViewCell.swift; sourceTree = "<group>"; };
		3AF072EC1F9C71280092B7B3 /* TestViewController.swift */ = {isa = PBXFileReference; lastKnownFileType = sourcecode.swift; path = TestViewController.swift; sourceTree = "<group>"; };
		3C6D40891E71B17964E09851 /* Pods-OnlineApp.debug.xcconfig */ = {isa = PBXFileReference; includeInIndex = 1; lastKnownFileType = text.xcconfig; name = "Pods-OnlineApp.debug.xcconfig"; path = "Pods/Target Support Files/Pods-OnlineApp/Pods-OnlineApp.debug.xcconfig"; sourceTree = "<group>"; };
		802473208A152995C2A1101C /* Pods_OnlineApp.framework */ = {isa = PBXFileReference; explicitFileType = wrapper.framework; includeInIndex = 0; path = Pods_OnlineApp.framework; sourceTree = BUILT_PRODUCTS_DIR; };
/* End PBXFileReference section */

/* Begin PBXFrameworksBuildPhase section */
		3A6A20981F6ABCCF0083592E /* Frameworks */ = {
			isa = PBXFrameworksBuildPhase;
			buildActionMask = 2147483647;
			files = (
				44E194E648FC422DDB0AC2F4 /* Pods_OnlineApp.framework in Frameworks */,
			);
			runOnlyForDeploymentPostprocessing = 0;
		};
/* End PBXFrameworksBuildPhase section */

/* Begin PBXGroup section */
		3A5E9A8E1F95EB2A007F6606 /* Support Files */ = {
			isa = PBXGroup;
			children = (
				3AC7446B1F95E09900971417 /* OnlineApp-Bridging-Header.h */,
				3AC7446D1F95E09A00971417 /* SWRevealViewController.m */,
				3AC7446C1F95E09A00971417 /* SWRevealViewController.h */,
			);
			name = "Support Files";
			sourceTree = "<group>";
		};
		3A5E9A8F1F966857007F6606 /* Images */ = {
			isa = PBXGroup;
			children = (
				3A7A1BAB1F97B73000BB6570 /* home.png */,
				3A7A1BAD1F97B77300BB6570 /* policy.png */,
				3A6B7E841F98AB030064E802 /* 1.jpg */,
				3A6B7E821F98AB030064E802 /* 2.jpg */,
				3A6B7E881F98AB050064E802 /* 3.jpg */,
				3A6B7E891F98AB050064E802 /* 4.jpg */,
				3A6B7E831F98AB030064E802 /* 5.jpg */,
				3A6B7E861F98AB040064E802 /* 6.jpg */,
				3A6B7E871F98AB040064E802 /* 7.jpg */,
				3A6B7E851F98AB040064E802 /* 8.jpg */,
				3A7A1BAE1F97B78800BB6570 /* setting.png */,
				3A7A1BAC1F97B75500BB6570 /* message.png */,
				3A7A1BAF1F97B89000BB6570 /* location.png */,
			);
			name = Images;
			sourceTree = "<group>";
		};
		3A6A20921F6ABCCF0083592E = {
			isa = PBXGroup;
			children = (
				3A6A209D1F6ABCCF0083592E /* OnlineApp */,
				3A6A209C1F6ABCCF0083592E /* Products */,
				C5CD1358841AF3B3D0F28615 /* Pods */,
				7329B650C3004724F71FBA67 /* Frameworks */,
			);
			sourceTree = "<group>";
		};
		3A6A209C1F6ABCCF0083592E /* Products */ = {
			isa = PBXGroup;
			children = (
				3A6A209B1F6ABCCF0083592E /* OnlineApp.app */,
			);
			name = Products;
			sourceTree = "<group>";
		};
		3A6A209D1F6ABCCF0083592E /* OnlineApp */ = {
			isa = PBXGroup;
			children = (
				3A5E9A8F1F966857007F6606 /* Images */,
				3A5E9A8E1F95EB2A007F6606 /* Support Files */,
				3A6A20B21F6ABE070083592E /* Model */,
				3A6A20B11F6ABDF60083592E /* Controller */,
				3A6A20B01F6ABDA20083592E /* View */,
			);
			path = OnlineApp;
			sourceTree = "<group>";
		};
		3A6A20B01F6ABDA20083592E /* View */ = {
			isa = PBXGroup;
			children = (
				3A6A20A21F6ABCCF0083592E /* Main.storyboard */,
				3A6A20A51F6ABCCF0083592E /* Assets.xcassets */,
				3A6A20A71F6ABCCF0083592E /* LaunchScreen.storyboard */,
				3A6A20AA1F6ABCCF0083592E /* Info.plist */,
			);
			name = View;
			sourceTree = "<group>";
		};
		3A6A20B11F6ABDF60083592E /* Controller */ = {
			isa = PBXGroup;
			children = (
				3A6A209E1F6ABCCF0083592E /* AppDelegate.swift */,
				3A6A20A01F6ABCCF0083592E /* ViewController.swift */,
				3AA0DF041F71743B00183D92 /* LoginViewController.swift */,
				3AEDE52B1F951E98000069F0 /* HomeViewController.swift */,
				3A5E9A8C1F95EAA1007F6606 /* newSlidesOutViewController.swift */,
				3A7A1BA71F97B1BE00BB6570 /* MenuTableViewController.swift */,
				3A7A1BA91F97B1F500BB6570 /* cellDataTableViewCell.swift */,
				3AF072EC1F9C71280092B7B3 /* TestViewController.swift */,
			);
			name = Controller;
			sourceTree = "<group>";
		};
		3A6A20B21F6ABE070083592E /* Model */ = {
			isa = PBXGroup;
			children = (
				3AF072E81F9C6A190092B7B3 /* TestCollectionViewCell.swift */,
				3AEDE52D1F95202A000069F0 /* newProductCollectionViewCell.swift */,
			);
			name = Model;
			sourceTree = "<group>";
		};
		7329B650C3004724F71FBA67 /* Frameworks */ = {
			isa = PBXGroup;
			children = (
				802473208A152995C2A1101C /* Pods_OnlineApp.framework */,
			);
			name = Frameworks;
			sourceTree = "<group>";
		};
		C5CD1358841AF3B3D0F28615 /* Pods */ = {
			isa = PBXGroup;
			children = (
				3C6D40891E71B17964E09851 /* Pods-OnlineApp.debug.xcconfig */,
				2E3D87B054ECC0F2D03D3D1D /* Pods-OnlineApp.release.xcconfig */,
			);
			name = Pods;
			sourceTree = "<group>";
		};
/* End PBXGroup section */

/* Begin PBXNativeTarget section */
		3A6A209A1F6ABCCF0083592E /* OnlineApp */ = {
			isa = PBXNativeTarget;
			buildConfigurationList = 3A6A20AD1F6ABCCF0083592E /* Build configuration list for PBXNativeTarget "OnlineApp" */;
			buildPhases = (
				7452CC1C2BF47CD7E815E5F5 /* [CP] Check Pods Manifest.lock */,
				3A6A20971F6ABCCF0083592E /* Sources */,
				3A6A20981F6ABCCF0083592E /* Frameworks */,
				3A6A20991F6ABCCF0083592E /* Resources */,
				6436ED14C3D815F181C04A97 /* [CP] Embed Pods Frameworks */,
				1F1C6026C9BA6EC5E114DD0B /* [CP] Copy Pods Resources */,
			);
			buildRules = (
			);
			dependencies = (
			);
			name = OnlineApp;
			productName = OnlineApp;
			productReference = 3A6A209B1F6ABCCF0083592E /* OnlineApp.app */;
			productType = "com.apple.product-type.application";
		};
/* End PBXNativeTarget section */

/* Begin PBXProject section */
		3A6A20931F6ABCCF0083592E /* Project object */ = {
			isa = PBXProject;
			attributes = {
				LastSwiftUpdateCheck = 0830;
				LastUpgradeCheck = 0830;
				ORGANIZATIONNAME = RTC;
				TargetAttributes = {
					3A6A209A1F6ABCCF0083592E = {
						CreatedOnToolsVersion = 8.3.3;
						DevelopmentTeam = DJAHQB4E7L;
						LastSwiftMigration = 0900;
						ProvisioningStyle = Automatic;
					};
				};
			};
			buildConfigurationList = 3A6A20961F6ABCCF0083592E /* Build configuration list for PBXProject "OnlineApp" */;
			compatibilityVersion = "Xcode 3.2";
			developmentRegion = English;
			hasScannedForEncodings = 0;
			knownRegions = (
				en,
				Base,
			);
			mainGroup = 3A6A20921F6ABCCF0083592E;
			productRefGroup = 3A6A209C1F6ABCCF0083592E /* Products */;
			projectDirPath = "";
			projectRoot = "";
			targets = (
				3A6A209A1F6ABCCF0083592E /* OnlineApp */,
			);
		};
/* End PBXProject section */

/* Begin PBXResourcesBuildPhase section */
		3A6A20991F6ABCCF0083592E /* Resources */ = {
			isa = PBXResourcesBuildPhase;
			buildActionMask = 2147483647;
			files = (
				3A6A20A91F6ABCCF0083592E /* LaunchScreen.storyboard in Resources */,
				3A6A20A61F6ABCCF0083592E /* Assets.xcassets in Resources */,
				3A6A20A41F6ABCCF0083592E /* Main.storyboard in Resources */,
			);
			runOnlyForDeploymentPostprocessing = 0;
		};
/* End PBXResourcesBuildPhase section */

/* Begin PBXShellScriptBuildPhase section */
		1F1C6026C9BA6EC5E114DD0B /* [CP] Copy Pods Resources */ = {
			isa = PBXShellScriptBuildPhase;
			buildActionMask = 2147483647;
			files = (
			);
			inputPaths = (
			);
			name = "[CP] Copy Pods Resources";
			outputPaths = (
			);
			runOnlyForDeploymentPostprocessing = 0;
			shellPath = /bin/sh;
			shellScript = "\"${SRCROOT}/Pods/Target Support Files/Pods-OnlineApp/Pods-OnlineApp-resources.sh\"\n";
			showEnvVarsInLog = 0;
		};
		6436ED14C3D815F181C04A97 /* [CP] Embed Pods Frameworks */ = {
			isa = PBXShellScriptBuildPhase;
			buildActionMask = 2147483647;
			files = (
			);
			inputPaths = (
			);
			name = "[CP] Embed Pods Frameworks";
			outputPaths = (
			);
			runOnlyForDeploymentPostprocessing = 0;
			shellPath = /bin/sh;
			shellScript = "\"${SRCROOT}/Pods/Target Support Files/Pods-OnlineApp/Pods-OnlineApp-frameworks.sh\"\n";
			showEnvVarsInLog = 0;
		};
		7452CC1C2BF47CD7E815E5F5 /* [CP] Check Pods Manifest.lock */ = {
			isa = PBXShellScriptBuildPhase;
			buildActionMask = 2147483647;
			files = (
			);
			inputPaths = (
				"${PODS_PODFILE_DIR_PATH}/Podfile.lock",
				"${PODS_ROOT}/Manifest.lock",
			);
			name = "[CP] Check Pods Manifest.lock";
			outputPaths = (
				"$(DERIVED_FILE_DIR)/Pods-OnlineApp-checkManifestLockResult.txt",
			);
			runOnlyForDeploymentPostprocessing = 0;
			shellPath = /bin/sh;
			shellScript = "diff \"${PODS_PODFILE_DIR_PATH}/Podfile.lock\" \"${PODS_ROOT}/Manifest.lock\" > /dev/null\nif [ $? != 0 ] ; then\n    # print error to STDERR\n    echo \"error: The sandbox is not in sync with the Podfile.lock. Run 'pod install' or update your CocoaPods installation.\" >&2\n    exit 1\nfi\n# This output is used by Xcode 'outputs' to avoid re-running this script phase.\necho \"SUCCESS\" > \"${SCRIPT_OUTPUT_FILE_0}\"\n";
			showEnvVarsInLog = 0;
		};
/* End PBXShellScriptBuildPhase section */

/* Begin PBXSourcesBuildPhase section */
		3A6A20971F6ABCCF0083592E /* Sources */ = {
			isa = PBXSourcesBuildPhase;
			buildActionMask = 2147483647;
			files = (
				3AF072E91F9C6A190092B7B3 /* TestCollectionViewCell.swift in Sources */,
				3AA0DF051F71743B00183D92 /* LoginViewController.swift in Sources */,
				3AF072ED1F9C71280092B7B3 /* TestViewController.swift in Sources */,
				3A6A20A11F6ABCCF0083592E /* ViewController.swift in Sources */,
				3AEDE52E1F95202A000069F0 /* newProductCollectionViewCell.swift in Sources */,
				3A6A209F1F6ABCCF0083592E /* AppDelegate.swift in Sources */,
				3A7A1BAA1F97B1F500BB6570 /* cellDataTableViewCell.swift in Sources */,
				3A7A1BA81F97B1BE00BB6570 /* MenuTableViewController.swift in Sources */,
				3AEDE52C1F951E98000069F0 /* HomeViewController.swift in Sources */,
				3AC7446E1F95E09A00971417 /* SWRevealViewController.m in Sources */,
				3A5E9A8D1F95EAA1007F6606 /* newSlidesOutViewController.swift in Sources */,
			);
			runOnlyForDeploymentPostprocessing = 0;
		};
/* End PBXSourcesBuildPhase section */

/* Begin PBXVariantGroup section */
		3A6A20A21F6ABCCF0083592E /* Main.storyboard */ = {
			isa = PBXVariantGroup;
			children = (
				3A6A20A31F6ABCCF0083592E /* Base */,
			);
			name = Main.storyboard;
			sourceTree = "<group>";
		};
		3A6A20A71F6ABCCF0083592E /* LaunchScreen.storyboard */ = {
			isa = PBXVariantGroup;
			children = (
				3A6A20A81F6ABCCF0083592E /* Base */,
			);
			name = LaunchScreen.storyboard;
			sourceTree = "<group>";
		};
/* End PBXVariantGroup section */

/* Begin XCBuildConfiguration section */
		3A6A20AB1F6ABCCF0083592E /* Debug */ = {
			isa = XCBuildConfiguration;
			buildSettings = {
				ALWAYS_SEARCH_USER_PATHS = NO;
				CLANG_ANALYZER_NONNULL = YES;
				CLANG_ANALYZER_NUMBER_OBJECT_CONVERSION = YES_AGGRESSIVE;
				CLANG_CXX_LANGUAGE_STANDARD = "gnu++0x";
				CLANG_CXX_LIBRARY = "libc++";
				CLANG_ENABLE_MODULES = YES;
				CLANG_ENABLE_OBJC_ARC = YES;
				CLANG_WARN_BOOL_CONVERSION = YES;
				CLANG_WARN_CONSTANT_CONVERSION = YES;
				CLANG_WARN_DIRECT_OBJC_ISA_USAGE = YES_ERROR;
				CLANG_WARN_DOCUMENTATION_COMMENTS = YES;
				CLANG_WARN_EMPTY_BODY = YES;
				CLANG_WARN_ENUM_CONVERSION = YES;
				CLANG_WARN_INFINITE_RECURSION = YES;
				CLANG_WARN_INT_CONVERSION = YES;
				CLANG_WARN_OBJC_ROOT_CLASS = YES_ERROR;
				CLANG_WARN_SUSPICIOUS_MOVE = YES;
				CLANG_WARN_UNREACHABLE_CODE = YES;
				CLANG_WARN__DUPLICATE_METHOD_MATCH = YES;
				"CODE_SIGN_IDENTITY[sdk=iphoneos*]" = "iPhone Developer";
				COPY_PHASE_STRIP = NO;
				DEBUG_INFORMATION_FORMAT = dwarf;
				ENABLE_STRICT_OBJC_MSGSEND = YES;
				ENABLE_TESTABILITY = YES;
				GCC_C_LANGUAGE_STANDARD = gnu99;
				GCC_DYNAMIC_NO_PIC = NO;
				GCC_NO_COMMON_BLOCKS = YES;
				GCC_OPTIMIZATION_LEVEL = 0;
				GCC_PREPROCESSOR_DEFINITIONS = (
					"DEBUG=1",
					"$(inherited)",
				);
				GCC_WARN_64_TO_32_BIT_CONVERSION = YES;
				GCC_WARN_ABOUT_RETURN_TYPE = YES_ERROR;
				GCC_WARN_UNDECLARED_SELECTOR = YES;
				GCC_WARN_UNINITIALIZED_AUTOS = YES_AGGRESSIVE;
				GCC_WARN_UNUSED_FUNCTION = YES;
				GCC_WARN_UNUSED_VARIABLE = YES;
				IPHONEOS_DEPLOYMENT_TARGET = 10.3;
				MTL_ENABLE_DEBUG_INFO = YES;
				ONLY_ACTIVE_ARCH = YES;
				SDKROOT = iphoneos;
				SWIFT_ACTIVE_COMPILATION_CONDITIONS = DEBUG;
				SWIFT_OPTIMIZATION_LEVEL = "-Onone";
				TARGETED_DEVICE_FAMILY = "1,2";
			};
			name = Debug;
		};
		3A6A20AC1F6ABCCF0083592E /* Release */ = {
			isa = XCBuildConfiguration;
			buildSettings = {
				ALWAYS_SEARCH_USER_PATHS = NO;
				CLANG_ANALYZER_NONNULL = YES;
				CLANG_ANALYZER_NUMBER_OBJECT_CONVERSION = YES_AGGRESSIVE;
				CLANG_CXX_LANGUAGE_STANDARD = "gnu++0x";
				CLANG_CXX_LIBRARY = "libc++";
				CLANG_ENABLE_MODULES = YES;
				CLANG_ENABLE_OBJC_ARC = YES;
				CLANG_WARN_BOOL_CONVERSION = YES;
				CLANG_WARN_CONSTANT_CONVERSION = YES;
				CLANG_WARN_DIRECT_OBJC_ISA_USAGE = YES_ERROR;
				CLANG_WARN_DOCUMENTATION_COMMENTS = YES;
				CLANG_WARN_EMPTY_BODY = YES;
				CLANG_WARN_ENUM_CONVERSION = YES;
				CLANG_WARN_INFINITE_RECURSION = YES;
				CLANG_WARN_INT_CONVERSION = YES;
				CLANG_WARN_OBJC_ROOT_CLASS = YES_ERROR;
				CLANG_WARN_SUSPICIOUS_MOVE = YES;
				CLANG_WARN_UNREACHABLE_CODE = YES;
				CLANG_WARN__DUPLICATE_METHOD_MATCH = YES;
				"CODE_SIGN_IDENTITY[sdk=iphoneos*]" = "iPhone Developer";
				COPY_PHASE_STRIP = NO;
				DEBUG_INFORMATION_FORMAT = "dwarf-with-dsym";
				ENABLE_NS_ASSERTIONS = NO;
				ENABLE_STRICT_OBJC_MSGSEND = YES;
				GCC_C_LANGUAGE_STANDARD = gnu99;
				GCC_NO_COMMON_BLOCKS = YES;
				GCC_WARN_64_TO_32_BIT_CONVERSION = YES;
				GCC_WARN_ABOUT_RETURN_TYPE = YES_ERROR;
				GCC_WARN_UNDECLARED_SELECTOR = YES;
				GCC_WARN_UNINITIALIZED_AUTOS = YES_AGGRESSIVE;
				GCC_WARN_UNUSED_FUNCTION = YES;
				GCC_WARN_UNUSED_VARIABLE = YES;
				IPHONEOS_DEPLOYMENT_TARGET = 10.3;
				MTL_ENABLE_DEBUG_INFO = NO;
				SDKROOT = iphoneos;
				SWIFT_OPTIMIZATION_LEVEL = "-Owholemodule";
				TARGETED_DEVICE_FAMILY = "1,2";
				VALIDATE_PRODUCT = YES;
			};
			name = Release;
		};
		3A6A20AE1F6ABCCF0083592E /* Debug */ = {
			isa = XCBuildConfiguration;
			baseConfigurationReference = 3C6D40891E71B17964E09851 /* Pods-OnlineApp.debug.xcconfig */;
			buildSettings = {
				ASSETCATALOG_COMPILER_APPICON_NAME = AppIcon;
				CLANG_ENABLE_MODULES = YES;
				"CODE_SIGN_IDENTITY[sdk=iphoneos*]" = "iPhone Developer";
				CODE_SIGN_STYLE = Automatic;
				DEVELOPMENT_TEAM = DJAHQB4E7L;
				INFOPLIST_FILE = OnlineApp/Info.plist;
				LD_RUNPATH_SEARCH_PATHS = "$(inherited) @executable_path/Frameworks";
				PRODUCT_BUNDLE_IDENTIFIER = rtc.OnlineApp;
				PRODUCT_NAME = "$(TARGET_NAME)";
				PROVISIONING_PROFILE_SPECIFIER = "";
				SWIFT_OBJC_BRIDGING_HEADER = "OnlineApp/OnlineApp-Bridging-Header.h";
				SWIFT_OPTIMIZATION_LEVEL = "-Onone";
				SWIFT_VERSION = 3.0;
			};
			name = Debug;
		};
		3A6A20AF1F6ABCCF0083592E /* Release */ = {
			isa = XCBuildConfiguration;
			baseConfigurationReference = 2E3D87B054ECC0F2D03D3D1D /* Pods-OnlineApp.release.xcconfig */;
			buildSettings = {
				ASSETCATALOG_COMPILER_APPICON_NAME = AppIcon;
				CLANG_ENABLE_MODULES = YES;
				"CODE_SIGN_IDENTITY[sdk=iphoneos*]" = "iPhone Developer";
				CODE_SIGN_STYLE = Automatic;
				DEVELOPMENT_TEAM = DJAHQB4E7L;
				INFOPLIST_FILE = OnlineApp/Info.plist;
				LD_RUNPATH_SEARCH_PATHS = "$(inherited) @executable_path/Frameworks";
				PRODUCT_BUNDLE_IDENTIFIER = rtc.OnlineApp;
				PRODUCT_NAME = "$(TARGET_NAME)";
				PROVISIONING_PROFILE_SPECIFIER = "";
				SWIFT_OBJC_BRIDGING_HEADER = "OnlineApp/OnlineApp-Bridging-Header.h";
				SWIFT_VERSION = 3.0;
			};
			name = Release;
		};
/* End XCBuildConfiguration section */

/* Begin XCConfigurationList section */
		3A6A20961F6ABCCF0083592E /* Build configuration list for PBXProject "OnlineApp" */ = {
			isa = XCConfigurationList;
			buildConfigurations = (
				3A6A20AB1F6ABCCF0083592E /* Debug */,
				3A6A20AC1F6ABCCF0083592E /* Release */,
			);
			defaultConfigurationIsVisible = 0;
			defaultConfigurationName = Release;
		};
		3A6A20AD1F6ABCCF0083592E /* Build configuration list for PBXNativeTarget "OnlineApp" */ = {
			isa = XCConfigurationList;
			buildConfigurations = (
				3A6A20AE1F6ABCCF0083592E /* Debug */,
				3A6A20AF1F6ABCCF0083592E /* Release */,
			);
			defaultConfigurationIsVisible = 0;
			defaultConfigurationName = Release;
		};
/* End XCConfigurationList section */
	};
	rootObject = 3A6A20931F6ABCCF0083592E /* Project object */;
}
